
Microsoft Visual Studio Solution File, Format Version 11.00
# Visual Studio 2010
Project("{FAE04EC0-301F-11D3-BF4B-00C04F79EFBC}") = "TestApplication", "TestApplication\TestApplication.csproj", "{21B3129B-618A-41DD-8F75-B2744B40C905}"
EndProject
Project("{FAE04EC0-301F-11D3-BF4B-00C04F79EFBC}") = "MvcDI", "MvcDI\MvcDI.csproj", "{C06B2531-C20D-4FA8-8D21-B7C4D5EEC670}"
EndProject
Global
	GlobalSection(SolutionConfigurationPlatforms) = preSolution
		Debug|Any CPU = Debug|Any CPU
		Release|Any CPU = Release|Any CPU
	EndGlobalSection
	GlobalSection(ProjectConfigurationPlatforms) = postSolution
		{21B3129B-618A-41DD-8F75-B2744B40C905}.Debug|Any CPU.ActiveCfg = Debug|Any CPU
		{21B3129B-618A-41DD-8F75-B2744B40C905}.Debug|Any CPU.Build.0 = Debug|Any CPU
		{21B3129B-618A-41DD-8F75-B2744B40C905}.Release|Any CPU.ActiveCfg = Release|Any CPU
		{21B3129B-618A-41DD-8F75-B2744B40C905}.Release|Any CPU.Build.0 = Release|Any CPU
		{C06B2531-C20D-4FA8-8D21-B7C4D5EEC670}.Debug|Any CPU.ActiveCfg = Debug|Any CPU
		{C06B2531-C20D-4FA8-8D21-B7C4D5EEC670}.Debug|Any CPU.Build.0 = Debug|Any CPU
		{C06B2531-C20D-4FA8-8D21-B7C4D5EEC670}.Release|Any CPU.ActiveCfg = Release|Any CPU
		{C06B2531-C20D-4FA8-8D21-B7C4D5EEC670}.Release|Any CPU.Build.0 = Release|Any CPU
	EndGlobalSection
	GlobalSection(SolutionProperties) = preSolution
		HideSolutionNode = FALSE
	EndGlobalSection
EndGlobal
